
Microsoft Visual Studio Solution File, Format Version 12.00
# Visual Studio 2013
VisualStudioVersion = 12.0.31101.0
MinimumVisualStudioVersion = 10.0.40219.1
Project("{FAE04EC0-301F-11D3-BF4B-00C04F79EFBC}") = "contract", "contract\contract.csproj", "{458D67F5-7079-45FD-9FFC-6C7B543E4235}"
EndProject
Project("{FAE04EC0-301F-11D3-BF4B-00C04F79EFBC}") = "jsonconverter", "jsonconverter\jsonconverter.csproj", "{C01BD5CB-B16B-44FD-B859-B95B5B241652}"
EndProject
Project("{FAE04EC0-301F-11D3-BF4B-00C04F79EFBC}") = "shellviewmodel", "viewmodel\shellviewmodel.csproj", "{E75F2BEF-F5DD-4A54-9930-2AF27C913540}"
EndProject
Project("{FAE04EC0-301F-11D3-BF4B-00C04F79EFBC}") = "app", "app\app.csproj", "{9FA5AD62-5A75-41FC-940F-68B258284F2E}"
EndProject
Project("{FAE04EC0-301F-11D3-BF4B-00C04F79EFBC}") = "uic", "uic\uic.csproj", "{92D01EC1-F123-4BA5-B527-E97AEBD55A87}"
EndProject
Project("{FAE04EC0-301F-11D3-BF4B-00C04F79EFBC}") = "model", "model\model.csproj", "{D459A62A-5390-40D5-A188-C524630B5145}"
EndProject
Project("{FAE04EC0-301F-11D3-BF4B-00C04F79EFBC}") = "itemviewmodel", "itemviewmodel\itemviewmodel.csproj", "{C75292A9-1A3E-4D96-A431-BEF6C00515B7}"
EndProject
Project("{FAE04EC0-301F-11D3-BF4B-00C04F79EFBC}") = "controller", "controller\controller.csproj", "{20AFB920-F93E-4467-AFA7-248C8E801D11}"
EndProject
Project("{FAE04EC0-301F-11D3-BF4B-00C04F79EFBC}") = "streamtemplate", "StreamTemplate\streamtemplate.csproj", "{7969AD33-E79E-4EAE-8050-562720283CB2}"
EndProject
Project("{FAE04EC0-301F-11D3-BF4B-00C04F79EFBC}") = "test", "test\test.csproj", "{B8FF582B-7CBA-494A-B040-24D6E1CFAF7B}"
EndProject
Global
	GlobalSection(SolutionConfigurationPlatforms) = preSolution
		Debug|Any CPU = Debug|Any CPU
		Debug|Mixed Platforms = Debug|Mixed Platforms
		Debug|x86 = Debug|x86
		Release|Any CPU = Release|Any CPU
		Release|Mixed Platforms = Release|Mixed Platforms
		Release|x86 = Release|x86
	EndGlobalSection
	GlobalSection(ProjectConfigurationPlatforms) = postSolution
		{458D67F5-7079-45FD-9FFC-6C7B543E4235}.Debug|Any CPU.ActiveCfg = Debug|Any CPU
		{458D67F5-7079-45FD-9FFC-6C7B543E4235}.Debug|Any CPU.Build.0 = Debug|Any CPU
		{458D67F5-7079-45FD-9FFC-6C7B543E4235}.Debug|Mixed Platforms.ActiveCfg = Debug|Any CPU
		{458D67F5-7079-45FD-9FFC-6C7B543E4235}.Debug|Mixed Platforms.Build.0 = Debug|Any CPU
		{458D67F5-7079-45FD-9FFC-6C7B543E4235}.Debug|x86.ActiveCfg = Debug|Any CPU
		{458D67F5-7079-45FD-9FFC-6C7B543E4235}.Release|Any CPU.ActiveCfg = Release|Any CPU
		{458D67F5-7079-45FD-9FFC-6C7B543E4235}.Release|Any CPU.Build.0 = Release|Any CPU
		{458D67F5-7079-45FD-9FFC-6C7B543E4235}.Release|Mixed Platforms.ActiveCfg = Release|Any CPU
		{458D67F5-7079-45FD-9FFC-6C7B543E4235}.Release|Mixed Platforms.Build.0 = Release|Any CPU
		{458D67F5-7079-45FD-9FFC-6C7B543E4235}.Release|x86.ActiveCfg = Release|Any CPU
		{C01BD5CB-B16B-44FD-B859-B95B5B241652}.Debug|Any CPU.ActiveCfg = Debug|Any CPU
		{C01BD5CB-B16B-44FD-B859-B95B5B241652}.Debug|Any CPU.Build.0 = Debug|Any CPU
		{C01BD5CB-B16B-44FD-B859-B95B5B241652}.Debug|Mixed Platforms.ActiveCfg = Debug|Any CPU
		{C01BD5CB-B16B-44FD-B859-B95B5B241652}.Debug|Mixed Platforms.Build.0 = Debug|Any CPU
		{C01BD5CB-B16B-44FD-B859-B95B5B241652}.Debug|x86.ActiveCfg = Debug|Any CPU
		{C01BD5CB-B16B-44FD-B859-B95B5B241652}.Release|Any CPU.ActiveCfg = Release|Any CPU
		{C01BD5CB-B16B-44FD-B859-B95B5B241652}.Release|Any CPU.Build.0 = Release|Any CPU
		{C01BD5CB-B16B-44FD-B859-B95B5B241652}.Release|Mixed Platforms.ActiveCfg = Release|Any CPU
		{C01BD5CB-B16B-44FD-B859-B95B5B241652}.Release|Mixed Platforms.Build.0 = Release|Any CPU
		{C01BD5CB-B16B-44FD-B859-B95B5B241652}.Release|x86.ActiveCfg = Release|Any CPU
		{E75F2BEF-F5DD-4A54-9930-2AF27C913540}.Debug|Any CPU.ActiveCfg = Debug|Any CPU
		{E75F2BEF-F5DD-4A54-9930-2AF27C913540}.Debug|Any CPU.Build.0 = Debug|Any CPU
		{E75F2BEF-F5DD-4A54-9930-2AF27C913540}.Debug|Mixed Platforms.ActiveCfg = Debug|Any CPU
		{E75F2BEF-F5DD-4A54-9930-2AF27C913540}.Debug|Mixed Platforms.Build.0 = Debug|Any CPU
		{E75F2BEF-F5DD-4A54-9930-2AF27C913540}.Debug|x86.ActiveCfg = Debug|Any CPU
		{E75F2BEF-F5DD-4A54-9930-2AF27C913540}.Release|Any CPU.ActiveCfg = Release|Any CPU
		{E75F2BEF-F5DD-4A54-9930-2AF27C913540}.Release|Any CPU.Build.0 = Release|Any CPU
		{E75F2BEF-F5DD-4A54-9930-2AF27C913540}.Release|Mixed Platforms.ActiveCfg = Release|Any CPU
		{E75F2BEF-F5DD-4A54-9930-2AF27C913540}.Release|Mixed Platforms.Build.0 = Release|Any CPU
		{E75F2BEF-F5DD-4A54-9930-2AF27C913540}.Release|x86.ActiveCfg = Release|Any CPU
		{9FA5AD62-5A75-41FC-940F-68B258284F2E}.Debug|Any CPU.ActiveCfg = Debug|x86
		{9FA5AD62-5A75-41FC-940F-68B258284F2E}.Debug|Mixed Platforms.ActiveCfg = Debug|x86
		{9FA5AD62-5A75-41FC-940F-68B258284F2E}.Debug|Mixed Platforms.Build.0 = Debug|x86
		{9FA5AD62-5A75-41FC-940F-68B258284F2E}.Debug|x86.ActiveCfg = Debug|x86
		{9FA5AD62-5A75-41FC-940F-68B258284F2E}.Debug|x86.Build.0 = Debug|x86
		{9FA5AD62-5A75-41FC-940F-68B258284F2E}.Release|Any CPU.ActiveCfg = Release|x86
		{9FA5AD62-5A75-41FC-940F-68B258284F2E}.Release|Mixed Platforms.ActiveCfg = Release|x86
		{9FA5AD62-5A75-41FC-940F-68B258284F2E}.Release|Mixed Platforms.Build.0 = Release|x86
		{9FA5AD62-5A75-41FC-940F-68B258284F2E}.Release|x86.ActiveCfg = Release|x86
		{9FA5AD62-5A75-41FC-940F-68B258284F2E}.Release|x86.Build.0 = Release|x86
		{92D01EC1-F123-4BA5-B527-E97AEBD55A87}.Debug|Any CPU.ActiveCfg = Debug|x86
		{92D01EC1-F123-4BA5-B527-E97AEBD55A87}.Debug|Mixed Platforms.ActiveCfg = Debug|x86
		{92D01EC1-F123-4BA5-B527-E97AEBD55A87}.Debug|Mixed Platforms.Build.0 = Debug|x86
		{92D01EC1-F123-4BA5-B527-E97AEBD55A87}.Debug|x86.ActiveCfg = Debug|x86
		{92D01EC1-F123-4BA5-B527-E97AEBD55A87}.Debug|x86.Build.0 = Debug|x86
		{92D01EC1-F123-4BA5-B527-E97AEBD55A87}.Release|Any CPU.ActiveCfg = Release|x86
		{92D01EC1-F123-4BA5-B527-E97AEBD55A87}.Release|Mixed Platforms.ActiveCfg = Release|x86
		{92D01EC1-F123-4BA5-B527-E97AEBD55A87}.Release|Mixed Platforms.Build.0 = Release|x86
		{92D01EC1-F123-4BA5-B527-E97AEBD55A87}.Release|x86.ActiveCfg = Release|x86
		{92D01EC1-F123-4BA5-B527-E97AEBD55A87}.Release|x86.Build.0 = Release|x86
		{D459A62A-5390-40D5-A188-C524630B5145}.Debug|Any CPU.ActiveCfg = Debug|Any CPU
		{D459A62A-5390-40D5-A188-C524630B5145}.Debug|Any CPU.Build.0 = Debug|Any CPU
		{D459A62A-5390-40D5-A188-C524630B5145}.Debug|Mixed Platforms.ActiveCfg = Debug|Any CPU
		{D459A62A-5390-40D5-A188-C524630B5145}.Debug|Mixed Platforms.Build.0 = Debug|Any CPU
		{D459A62A-5390-40D5-A188-C524630B5145}.Debug|x86.ActiveCfg = Debug|Any CPU
		{D459A62A-5390-40D5-A188-C524630B5145}.Release|Any CPU.ActiveCfg = Release|Any CPU
		{D459A62A-5390-40D5-A188-C524630B5145}.Release|Any CPU.Build.0 = Release|Any CPU
		{D459A62A-5390-40D5-A188-C524630B5145}.Release|Mixed Platforms.ActiveCfg = Release|Any CPU
		{D459A62A-5390-40D5-A188-C524630B5145}.Release|Mixed Platforms.Build.0 = Release|Any CPU
		{D459A62A-5390-40D5-A188-C524630B5145}.Release|x86.ActiveCfg = Release|Any CPU
		{C75292A9-1A3E-4D96-A431-BEF6C00515B7}.Debug|Any CPU.ActiveCfg = Debug|Any CPU
		{C75292A9-1A3E-4D96-A431-BEF6C00515B7}.Debug|Any CPU.Build.0 = Debug|Any CPU
		{C75292A9-1A3E-4D96-A431-BEF6C00515B7}.Debug|Mixed Platforms.ActiveCfg = Debug|Any CPU
		{C75292A9-1A3E-4D96-A431-BEF6C00515B7}.Debug|Mixed Platforms.Build.0 = Debug|Any CPU
		{C75292A9-1A3E-4D96-A431-BEF6C00515B7}.Debug|x86.ActiveCfg = Debug|Any CPU
		{C75292A9-1A3E-4D96-A431-BEF6C00515B7}.Release|Any CPU.ActiveCfg = Release|Any CPU
		{C75292A9-1A3E-4D96-A431-BEF6C00515B7}.Release|Any CPU.Build.0 = Release|Any CPU
		{C75292A9-1A3E-4D96-A431-BEF6C00515B7}.Release|Mixed Platforms.ActiveCfg = Release|Any CPU
		{C75292A9-1A3E-4D96-A431-BEF6C00515B7}.Release|Mixed Platforms.Build.0 = Release|Any CPU
		{C75292A9-1A3E-4D96-A431-BEF6C00515B7}.Release|x86.ActiveCfg = Release|Any CPU
		{20AFB920-F93E-4467-AFA7-248C8E801D11}.Debug|Any CPU.ActiveCfg = Debug|Any CPU
		{20AFB920-F93E-4467-AFA7-248C8E801D11}.Debug|Any CPU.Build.0 = Debug|Any CPU
		{20AFB920-F93E-4467-AFA7-248C8E801D11}.Debug|Mixed Platforms.ActiveCfg = Debug|Any CPU
		{20AFB920-F93E-4467-AFA7-248C8E801D11}.Debug|Mixed Platforms.Build.0 = Debug|Any CPU
		{20AFB920-F93E-4467-AFA7-248C8E801D11}.Debug|x86.ActiveCfg = Debug|Any CPU
		{20AFB920-F93E-4467-AFA7-248C8E801D11}.Release|Any CPU.ActiveCfg = Release|Any CPU
		{20AFB920-F93E-4467-AFA7-248C8E801D11}.Release|Any CPU.Build.0 = Release|Any CPU
		{20AFB920-F93E-4467-AFA7-248C8E801D11}.Release|Mixed Platforms.ActiveCfg = Release|Any CPU
		{20AFB920-F93E-4467-AFA7-248C8E801D11}.Release|Mixed Platforms.Build.0 = Release|Any CPU
		{20AFB920-F93E-4467-AFA7-248C8E801D11}.Release|x86.ActiveCfg = Release|Any CPU
		{7969AD33-E79E-4EAE-8050-562720283CB2}.Debug|Any CPU.ActiveCfg = Debug|x86
		{7969AD33-E79E-4EAE-8050-562720283CB2}.Debug|Mixed Platforms.ActiveCfg = Debug|x86
		{7969AD33-E79E-4EAE-8050-562720283CB2}.Debug|Mixed Platforms.Build.0 = Debug|x86
		{7969AD33-E79E-4EAE-8050-562720283CB2}.Debug|x86.ActiveCfg = Debug|x86
		{7969AD33-E79E-4EAE-8050-562720283CB2}.Debug|x86.Build.0 = Debug|x86
		{7969AD33-E79E-4EAE-8050-562720283CB2}.Release|Any CPU.ActiveCfg = Release|x86
		{7969AD33-E79E-4EAE-8050-562720283CB2}.Release|Mixed Platforms.ActiveCfg = Release|x86
		{7969AD33-E79E-4EAE-8050-562720283CB2}.Release|Mixed Platforms.Build.0 = Release|x86
		{7969AD33-E79E-4EAE-8050-562720283CB2}.Release|x86.ActiveCfg = Release|x86
		{7969AD33-E79E-4EAE-8050-562720283CB2}.Release|x86.Build.0 = Release|x86
		{B8FF582B-7CBA-494A-B040-24D6E1CFAF7B}.Debug|Any CPU.ActiveCfg = Debug|Any CPU
		{B8FF582B-7CBA-494A-B040-24D6E1CFAF7B}.Debug|Any CPU.Build.0 = Debug|Any CPU
		{B8FF582B-7CBA-494A-B040-24D6E1CFAF7B}.Debug|Mixed Platforms.ActiveCfg = Debug|Any CPU
		{B8FF582B-7CBA-494A-B040-24D6E1CFAF7B}.Debug|Mixed Platforms.Build.0 = Debug|Any CPU
		{B8FF582B-7CBA-494A-B040-24D6E1CFAF7B}.Debug|x86.ActiveCfg = Debug|Any CPU
		{B8FF582B-7CBA-494A-B040-24D6E1CFAF7B}.Release|Any CPU.ActiveCfg = Release|Any CPU
		{B8FF582B-7CBA-494A-B040-24D6E1CFAF7B}.Release|Any CPU.Build.0 = Release|Any CPU
		{B8FF582B-7CBA-494A-B040-24D6E1CFAF7B}.Release|Mixed Platforms.ActiveCfg = Release|Any CPU
		{B8FF582B-7CBA-494A-B040-24D6E1CFAF7B}.Release|Mixed Platforms.Build.0 = Release|Any CPU
		{B8FF582B-7CBA-494A-B040-24D6E1CFAF7B}.Release|x86.ActiveCfg = Release|Any CPU
	EndGlobalSection
	GlobalSection(SolutionProperties) = preSolution
		HideSolutionNode = FALSE
	EndGlobalSection
EndGlobal
